
Microsoft Visual Studio Solution File, Format Version 12.00
# Visual Studio Version 16
VisualStudioVersion = 16.0.29215.179
MinimumVisualStudioVersion = 10.0.40219.1
Project("{FAE04EC0-301F-11D3-BF4B-00C04F79EFBC}") = "QLSV.API", "QLSV.API\QLSV.API.csproj", "{C96F9ADA-3E48-4AFD-A6F3-30E85C1CB75B}"
EndProject
Global
	GlobalSection(SolutionConfigurationPlatforms) = preSolution
		Debug|Any CPU = Debug|Any CPU
		Release|Any CPU = Release|Any CPU
	EndGlobalSection
	GlobalSection(ProjectConfigurationPlatforms) = postSolution
		{C96F9ADA-3E48-4AFD-A6F3-30E85C1CB75B}.Debug|Any CPU.ActiveCfg = Debug|Any CPU
		{C96F9ADA-3E48-4AFD-A6F3-30E85C1CB75B}.Debug|Any CPU.Build.0 = Debug|Any CPU
		{C96F9ADA-3E48-4AFD-A6F3-30E85C1CB75B}.Release|Any CPU.ActiveCfg = Release|Any CPU
		{C96F9ADA-3E48-4AFD-A6F3-30E85C1CB75B}.Release|Any CPU.Build.0 = Release|Any CPU
	EndGlobalSection
	GlobalSection(SolutionProperties) = preSolution
		HideSolutionNode = FALSE
	EndGlobalSection
	GlobalSection(ExtensibilityGlobals) = postSolution
		SolutionGuid = {6C1AB17E-716E-4880-B003-4394874C7B95}
	EndGlobalSection
EndGlobal
