
Microsoft Visual Studio Solution File, Format Version 12.00
# Visual Studio Version 16
VisualStudioVersion = 16.0.29215.179
MinimumVisualStudioVersion = 10.0.40219.1
Project("{FAE04EC0-301F-11D3-BF4B-00C04F79EFBC}") = "QLSV.Web", "QLSV.Web\QLSV.Web.csproj", "{7C2A53D0-EC83-483E-BC3C-67D692FA9513}"
EndProject
Global
	GlobalSection(SolutionConfigurationPlatforms) = preSolution
		Debug|Any CPU = Debug|Any CPU
		Release|Any CPU = Release|Any CPU
	EndGlobalSection
	GlobalSection(ProjectConfigurationPlatforms) = postSolution
		{7C2A53D0-EC83-483E-BC3C-67D692FA9513}.Debug|Any CPU.ActiveCfg = Debug|Any CPU
		{7C2A53D0-EC83-483E-BC3C-67D692FA9513}.Debug|Any CPU.Build.0 = Debug|Any CPU
		{7C2A53D0-EC83-483E-BC3C-67D692FA9513}.Release|Any CPU.ActiveCfg = Release|Any CPU
		{7C2A53D0-EC83-483E-BC3C-67D692FA9513}.Release|Any CPU.Build.0 = Release|Any CPU
	EndGlobalSection
	GlobalSection(SolutionProperties) = preSolution
		HideSolutionNode = FALSE
	EndGlobalSection
	GlobalSection(ExtensibilityGlobals) = postSolution
		SolutionGuid = {D5002A5D-7126-4461-8F9A-133AB0A36FFE}
	EndGlobalSection
EndGlobal
